
Microsoft Visual Studio Solution File, Format Version 12.00
# Visual Studio Version 17
VisualStudioVersion = 17.9.34616.47
MinimumVisualStudioVersion = 10.0.40219.1
Project("{8BC9CEB8-8B4A-11D0-8D11-00A0C91BC942}") = "Initialitation", "Initialitation\Initialitation.vcxproj", "{A670AF77-68CE-43DD-9367-CE51ABBF51C5}"
EndProject
Project("{8BC9CEB8-8B4A-11D0-8D11-00A0C91BC942}") = "composisi", "composisi\composisi.vcxproj", "{11F89098-1272-40C7-9968-913F4CACD5B4}"
EndProject
Project("{8BC9CEB8-8B4A-11D0-8D11-00A0C91BC942}") = "agregasi", "agregasi\agregasi.vcxproj", "{5B2922EA-3119-439B-A704-EF48A880A05F}"
EndProject
Project("{8BC9CEB8-8B4A-11D0-8D11-00A0C91BC942}") = "asosiasi", "asosiasi\asosiasi.vcxproj", "{F78447B2-BA78-496D-BF97-A4564F9B5669}"
EndProject
Global
	GlobalSection(SolutionConfigurationPlatforms) = preSolution
		Debug|x64 = Debug|x64
		Debug|x86 = Debug|x86
		Release|x64 = Release|x64
		Release|x86 = Release|x86
	EndGlobalSection
	GlobalSection(ProjectConfigurationPlatforms) = postSolution
		{A670AF77-68CE-43DD-9367-CE51ABBF51C5}.Debug|x64.ActiveCfg = Debug|x64
		{A670AF77-68CE-43DD-9367-CE51ABBF51C5}.Debug|x64.Build.0 = Debug|x64
		{A670AF77-68CE-43DD-9367-CE51ABBF51C5}.Debug|x86.ActiveCfg = Debug|Win32
		{A670AF77-68CE-43DD-9367-CE51ABBF51C5}.Debug|x86.Build.0 = Debug|Win32
		{A670AF77-68CE-43DD-9367-CE51ABBF51C5}.Release|x64.ActiveCfg = Release|x64
		{A670AF77-68CE-43DD-9367-CE51ABBF51C5}.Release|x64.Build.0 = Release|x64
		{A670AF77-68CE-43DD-9367-CE51ABBF51C5}.Release|x86.ActiveCfg = Release|Win32
		{A670AF77-68CE-43DD-9367-CE51ABBF51C5}.Release|x86.Build.0 = Release|Win32
		{11F89098-1272-40C7-9968-913F4CACD5B4}.Debug|x64.ActiveCfg = Debug|x64
		{11F89098-1272-40C7-9968-913F4CACD5B4}.Debug|x64.Build.0 = Debug|x64
		{11F89098-1272-40C7-9968-913F4CACD5B4}.Debug|x86.ActiveCfg = Debug|Win32
		{11F89098-1272-40C7-9968-913F4CACD5B4}.Debug|x86.Build.0 = Debug|Win32
		{11F89098-1272-40C7-9968-913F4CACD5B4}.Release|x64.ActiveCfg = Release|x64
		{11F89098-1272-40C7-9968-913F4CACD5B4}.Release|x64.Build.0 = Release|x64
		{11F89098-1272-40C7-9968-913F4CACD5B4}.Release|x86.ActiveCfg = Release|Win32
		{11F89098-1272-40C7-9968-913F4CACD5B4}.Release|x86.Build.0 = Release|Win32
		{5B2922EA-3119-439B-A704-EF48A880A05F}.Debug|x64.ActiveCfg = Debug|x64
		{5B2922EA-3119-439B-A704-EF48A880A05F}.Debug|x64.Build.0 = Debug|x64
		{5B2922EA-3119-439B-A704-EF48A880A05F}.Debug|x86.ActiveCfg = Debug|Win32
		{5B2922EA-3119-439B-A704-EF48A880A05F}.Debug|x86.Build.0 = Debug|Win32
		{5B2922EA-3119-439B-A704-EF48A880A05F}.Release|x64.ActiveCfg = Release|x64
		{5B2922EA-3119-439B-A704-EF48A880A05F}.Release|x64.Build.0 = Release|x64
		{5B2922EA-3119-439B-A704-EF48A880A05F}.Release|x86.ActiveCfg = Release|Win32
		{5B2922EA-3119-439B-A704-EF48A880A05F}.Release|x86.Build.0 = Release|Win32
		{F78447B2-BA78-496D-BF97-A4564F9B5669}.Debug|x64.ActiveCfg = Debug|x64
		{F78447B2-BA78-496D-BF97-A4564F9B5669}.Debug|x64.Build.0 = Debug|x64
		{F78447B2-BA78-496D-BF97-A4564F9B5669}.Debug|x86.ActiveCfg = Debug|Win32
		{F78447B2-BA78-496D-BF97-A4564F9B5669}.Debug|x86.Build.0 = Debug|Win32
		{F78447B2-BA78-496D-BF97-A4564F9B5669}.Release|x64.ActiveCfg = Release|x64
		{F78447B2-BA78-496D-BF97-A4564F9B5669}.Release|x64.Build.0 = Release|x64
		{F78447B2-BA78-496D-BF97-A4564F9B5669}.Release|x86.ActiveCfg = Release|Win32
		{F78447B2-BA78-496D-BF97-A4564F9B5669}.Release|x86.Build.0 = Release|Win32
	EndGlobalSection
	GlobalSection(SolutionProperties) = preSolution
		HideSolutionNode = FALSE
	EndGlobalSection
	GlobalSection(ExtensibilityGlobals) = postSolution
		SolutionGuid = {97589D17-EAA6-485A-880A-BBFFB034FCA0}
	EndGlobalSection
EndGlobal
